
Microsoft Visual Studio Solution File, Format Version 12.00
# Visual Studio Version 17
VisualStudioVersion = 17.8.34408.163
MinimumVisualStudioVersion = 10.0.40219.1
Project("{2150E333-8FDC-42A3-9474-1A3956D46DE8}") = "src", "src", "{96534872-CB79-48BF-B940-D6B251CD0012}"
EndProject
Project("{9A19103F-16F7-4668-BE54-9A1E7A4F7556}") = "Web", "src\Web\Web.csproj", "{E9FA0CD1-F640-45C5-A611-E9B642FC18A1}"
EndProject
Project("{9A19103F-16F7-4668-BE54-9A1E7A4F7556}") = "Infrastructure", "src\Infrastructure\Infrastructure.csproj", "{40C9AF8D-E42E-4713-A9A3-5DC3E103B80F}"
EndProject
Project("{9A19103F-16F7-4668-BE54-9A1E7A4F7556}") = "Domain", "src\Domain\Domain.csproj", "{07B9D37C-29C4-4198-890C-7B01B5624C54}"
EndProject
Project("{9A19103F-16F7-4668-BE54-9A1E7A4F7556}") = "Shared", "src\Shared\Shared.csproj", "{5BEAB503-66BE-4293-8572-3F7E5125D650}"
EndProject
Project("{9A19103F-16F7-4668-BE54-9A1E7A4F7556}") = "Application", "src\Application\Application.csproj", "{3C26F55E-7ACA-4329-B6E4-BB5C2B8F9C2C}"
EndProject
Project("{2150E333-8FDC-42A3-9474-1A3956D46DE8}") = "tests", "tests", "{0209BA36-7B78-4DA1-BE8D-59F3303C91D1}"
EndProject
Project("{FAE04EC0-301F-11D3-BF4B-00C04F79EFBC}") = "DomainUnitTests", "tests\DomainUnitTests\DomainUnitTests.csproj", "{77DCDC5A-E575-4F28-B320-3D0AC2CCC8F0}"
EndProject
Global
	GlobalSection(SolutionConfigurationPlatforms) = preSolution
		Debug|Any CPU = Debug|Any CPU
		Release|Any CPU = Release|Any CPU
	EndGlobalSection
	GlobalSection(ProjectConfigurationPlatforms) = postSolution
		{E9FA0CD1-F640-45C5-A611-E9B642FC18A1}.Debug|Any CPU.ActiveCfg = Debug|Any CPU
		{E9FA0CD1-F640-45C5-A611-E9B642FC18A1}.Debug|Any CPU.Build.0 = Debug|Any CPU
		{E9FA0CD1-F640-45C5-A611-E9B642FC18A1}.Release|Any CPU.ActiveCfg = Release|Any CPU
		{E9FA0CD1-F640-45C5-A611-E9B642FC18A1}.Release|Any CPU.Build.0 = Release|Any CPU
		{40C9AF8D-E42E-4713-A9A3-5DC3E103B80F}.Debug|Any CPU.ActiveCfg = Debug|Any CPU
		{40C9AF8D-E42E-4713-A9A3-5DC3E103B80F}.Debug|Any CPU.Build.0 = Debug|Any CPU
		{40C9AF8D-E42E-4713-A9A3-5DC3E103B80F}.Release|Any CPU.ActiveCfg = Release|Any CPU
		{40C9AF8D-E42E-4713-A9A3-5DC3E103B80F}.Release|Any CPU.Build.0 = Release|Any CPU
		{07B9D37C-29C4-4198-890C-7B01B5624C54}.Debug|Any CPU.ActiveCfg = Debug|Any CPU
		{07B9D37C-29C4-4198-890C-7B01B5624C54}.Debug|Any CPU.Build.0 = Debug|Any CPU
		{07B9D37C-29C4-4198-890C-7B01B5624C54}.Release|Any CPU.ActiveCfg = Release|Any CPU
		{07B9D37C-29C4-4198-890C-7B01B5624C54}.Release|Any CPU.Build.0 = Release|Any CPU
		{5BEAB503-66BE-4293-8572-3F7E5125D650}.Debug|Any CPU.ActiveCfg = Debug|Any CPU
		{5BEAB503-66BE-4293-8572-3F7E5125D650}.Debug|Any CPU.Build.0 = Debug|Any CPU
		{5BEAB503-66BE-4293-8572-3F7E5125D650}.Release|Any CPU.ActiveCfg = Release|Any CPU
		{5BEAB503-66BE-4293-8572-3F7E5125D650}.Release|Any CPU.Build.0 = Release|Any CPU
		{3C26F55E-7ACA-4329-B6E4-BB5C2B8F9C2C}.Debug|Any CPU.ActiveCfg = Debug|Any CPU
		{3C26F55E-7ACA-4329-B6E4-BB5C2B8F9C2C}.Debug|Any CPU.Build.0 = Debug|Any CPU
		{3C26F55E-7ACA-4329-B6E4-BB5C2B8F9C2C}.Release|Any CPU.ActiveCfg = Release|Any CPU
		{3C26F55E-7ACA-4329-B6E4-BB5C2B8F9C2C}.Release|Any CPU.Build.0 = Release|Any CPU
		{77DCDC5A-E575-4F28-B320-3D0AC2CCC8F0}.Debug|Any CPU.ActiveCfg = Debug|Any CPU
		{77DCDC5A-E575-4F28-B320-3D0AC2CCC8F0}.Debug|Any CPU.Build.0 = Debug|Any CPU
		{77DCDC5A-E575-4F28-B320-3D0AC2CCC8F0}.Release|Any CPU.ActiveCfg = Release|Any CPU
		{77DCDC5A-E575-4F28-B320-3D0AC2CCC8F0}.Release|Any CPU.Build.0 = Release|Any CPU
	EndGlobalSection
	GlobalSection(SolutionProperties) = preSolution
		HideSolutionNode = FALSE
	EndGlobalSection
	GlobalSection(NestedProjects) = preSolution
		{E9FA0CD1-F640-45C5-A611-E9B642FC18A1} = {96534872-CB79-48BF-B940-D6B251CD0012}
		{40C9AF8D-E42E-4713-A9A3-5DC3E103B80F} = {96534872-CB79-48BF-B940-D6B251CD0012}
		{07B9D37C-29C4-4198-890C-7B01B5624C54} = {96534872-CB79-48BF-B940-D6B251CD0012}
		{5BEAB503-66BE-4293-8572-3F7E5125D650} = {96534872-CB79-48BF-B940-D6B251CD0012}
		{3C26F55E-7ACA-4329-B6E4-BB5C2B8F9C2C} = {96534872-CB79-48BF-B940-D6B251CD0012}
		{77DCDC5A-E575-4F28-B320-3D0AC2CCC8F0} = {0209BA36-7B78-4DA1-BE8D-59F3303C91D1}
	EndGlobalSection
	GlobalSection(ExtensibilityGlobals) = postSolution
		SolutionGuid = {1649BA4F-11C6-4482-ACBC-B78A9CF23B9B}
	EndGlobalSection
EndGlobal
